# @generated by Move, please check-in and do not edit manually.

[move]
version = 3
manifest_digest = "8B5C997D3513BC4B7009D37B54B26F0999384E239277FA39EE34BB4B9CBCC5FB"
deps_digest = "F8BBB0CCB2491CA29A3DF03D6F92277A4F3574266507ACD77214D37ECA3F3082"
dependencies = [
  { id = "Iota", name = "Iota" },
]

[[move.package]]
id = "Iota"
source = { git = "https://github.com/iotaledger/iota.git", rev = "framework/testnet", subdir = "crates/iota-framework/packages/iota-framework" }

dependencies = [
  { id = "MoveStdlib", name = "MoveStdlib" },
]

[[move.package]]
id = "MoveStdlib"
source = { git = "https://github.com/iotaledger/iota.git", rev = "framework/testnet", subdir = "crates/iota-framework/packages/move-stdlib" }

[move.toolchain-version]
compiler-version = "1.17.1-rc"
edition = "2024"
flavor = "iota"

[env]

[env.testnet]
chain-id = "2304aa97"
original-published-id = "0xd6e889e613dab8e4ed3bfa17b43bb3c8679ec09157ede434346a1114bfac55d1"
latest-published-id = "0xd6e889e613dab8e4ed3bfa17b43bb3c8679ec09157ede434346a1114bfac55d1"
published-version = "1"
