# @generated by Move, please check-in and do not edit manually.

[move]
version = 3
manifest_digest = "AB65CB42D14C63E81D593548718B681B4EB9687EDE4F75693D6EE6B82220263B"
deps_digest = "F9B494B64F0615AED0E98FC12A85B85ECD2BC5185C22D30E7F67786BB52E507C"
dependencies = [
  { id = "Iota", name = "Iota" },
  { id = "IotaSystem", name = "IotaSystem" },
  { id = "MoveStdlib", name = "MoveStdlib" },
  { id = "Stardust", name = "Stardust" },
]

[[move.package]]
id = "Iota"
source = { git = "https://github.com/iotaledger/iota.git", rev = "22dd2a89f5b591066c6930510a227c087cc836ac", subdir = "crates/iota-framework/packages/iota-framework" }

dependencies = [
  { id = "MoveStdlib", name = "MoveStdlib" },
]

[[move.package]]
id = "IotaSystem"
source = { git = "https://github.com/iotaledger/iota.git", rev = "22dd2a89f5b591066c6930510a227c087cc836ac", subdir = "crates/iota-framework/packages/iota-system" }

dependencies = [
  { id = "Iota", name = "Iota" },
  { id = "MoveStdlib", name = "MoveStdlib" },
]

[[move.package]]
id = "MoveStdlib"
source = { git = "https://github.com/iotaledger/iota.git", rev = "22dd2a89f5b591066c6930510a227c087cc836ac", subdir = "crates/iota-framework/packages/move-stdlib" }

[[move.package]]
id = "Stardust"
source = { git = "https://github.com/iotaledger/iota.git", rev = "22dd2a89f5b591066c6930510a227c087cc836ac", subdir = "crates/iota-framework/packages/stardust" }

dependencies = [
  { id = "Iota", name = "Iota" },
  { id = "MoveStdlib", name = "MoveStdlib" },
]

[move.toolchain-version]
compiler-version = "1.17.1-rc"
edition = "2024"
flavor = "iota"

[env]

[env.testnet]
chain-id = "2304aa97"
original-published-id = "0x48ba854055894cc9cd4f784a85a0fd094f0a99da58f02bd1cab59265025d6d87"
latest-published-id = "0x48ba854055894cc9cd4f784a85a0fd094f0a99da58f02bd1cab59265025d6d87"
published-version = "1"
