# @generated by Move, please check-in and do not edit manually.

[move]
version = 3
manifest_digest = "ED96B0B798236DEA0D089C5150268A15BF0FB8FF3D4FD23D1F3CE9260FA62E2B"
deps_digest = "F8BBB0CCB2491CA29A3DF03D6F92277A4F3574266507ACD77214D37ECA3F3082"
dependencies = [
  { id = "Iota", name = "Iota" },
]

[[move.package]]
id = "Iota"
source = { git = "https://github.com/iotaledger/iota.git", rev = "framework/testnet", subdir = "crates/iota-framework/packages/iota-framework" }

dependencies = [
  { id = "MoveStdlib", name = "MoveStdlib" },
]

[[move.package]]
id = "MoveStdlib"
source = { git = "https://github.com/iotaledger/iota.git", rev = "framework/testnet", subdir = "crates/iota-framework/packages/move-stdlib" }

[move.toolchain-version]
compiler-version = "1.17.1-rc"
edition = "2024"
flavor = "iota"

[env]

[env.testnet]
chain-id = "2304aa97"
original-published-id = "0xd1ffedd1fd8ce684855a5ef74fec4d9b92ad577c7dbd976492194a4b2f9ab8ef"
latest-published-id = "0xd1ffedd1fd8ce684855a5ef74fec4d9b92ad577c7dbd976492194a4b2f9ab8ef"
published-version = "1"
